
Microsoft Visual Studio Solution File, Format Version 12.00
# Visual Studio Version 17
VisualStudioVersion = 17.0.31903.59
MinimumVisualStudioVersion = 10.0.40219.1
Project("{2150E333-8FDC-42A3-9474-1A3956D46DE8}") = "src", "src", "{827E0CD3-B72D-47B6-A68D-7590B98EB39B}"
EndProject
Project("{FAE04EC0-301F-11D3-BF4B-00C04F79EFBC}") = "CashCoach.Core", "src\CashCoach.Core\CashCoach.Core.csproj", "{FB24A9D3-A6A3-46FB-877E-2487B9E6A332}"
EndProject
Project("{FAE04EC0-301F-11D3-BF4B-00C04F79EFBC}") = "CashCoach.Infrastructure", "src\CashCoach.Infrastructure\CashCoach.Infrastructure.csproj", "{047A0998-2A5B-48AD-A2D8-154463657073}"
EndProject
Project("{FAE04EC0-301F-11D3-BF4B-00C04F79EFBC}") = "CashCoach.Api", "src\CashCoach.Api\CashCoach.Api.csproj", "{186A00ED-7BBD-47A1-B9AD-B0E3422693E5}"
EndProject
Project("{2150E333-8FDC-42A3-9474-1A3956D46DE8}") = "tests", "tests", "{0AB3BF05-4346-4AA6-1389-037BE0695223}"
EndProject
Project("{FAE04EC0-301F-11D3-BF4B-00C04F79EFBC}") = "CashCoach.Core.Tests", "tests\CashCoach.Core.Tests\CashCoach.Core.Tests.csproj", "{8883EF2D-3BDE-4845-996A-03A5534F2DAA}"
EndProject
Project("{FAE04EC0-301F-11D3-BF4B-00C04F79EFBC}") = "CashCoach.Api.Tests", "tests\CashCoach.Api.Tests\CashCoach.Api.Tests.csproj", "{A7647720-2531-4A42-BDBE-FC011D5C5B01}"
EndProject
Global
	GlobalSection(SolutionConfigurationPlatforms) = preSolution
		Debug|Any CPU = Debug|Any CPU
		Debug|x64 = Debug|x64
		Debug|x86 = Debug|x86
		Release|Any CPU = Release|Any CPU
		Release|x64 = Release|x64
		Release|x86 = Release|x86
	EndGlobalSection
	GlobalSection(ProjectConfigurationPlatforms) = postSolution
		{FB24A9D3-A6A3-46FB-877E-2487B9E6A332}.Debug|Any CPU.ActiveCfg = Debug|Any CPU
		{FB24A9D3-A6A3-46FB-877E-2487B9E6A332}.Debug|Any CPU.Build.0 = Debug|Any CPU
		{FB24A9D3-A6A3-46FB-877E-2487B9E6A332}.Debug|x64.ActiveCfg = Debug|Any CPU
		{FB24A9D3-A6A3-46FB-877E-2487B9E6A332}.Debug|x64.Build.0 = Debug|Any CPU
		{FB24A9D3-A6A3-46FB-877E-2487B9E6A332}.Debug|x86.ActiveCfg = Debug|Any CPU
		{FB24A9D3-A6A3-46FB-877E-2487B9E6A332}.Debug|x86.Build.0 = Debug|Any CPU
		{FB24A9D3-A6A3-46FB-877E-2487B9E6A332}.Release|Any CPU.ActiveCfg = Release|Any CPU
		{FB24A9D3-A6A3-46FB-877E-2487B9E6A332}.Release|Any CPU.Build.0 = Release|Any CPU
		{FB24A9D3-A6A3-46FB-877E-2487B9E6A332}.Release|x64.ActiveCfg = Release|Any CPU
		{FB24A9D3-A6A3-46FB-877E-2487B9E6A332}.Release|x64.Build.0 = Release|Any CPU
		{FB24A9D3-A6A3-46FB-877E-2487B9E6A332}.Release|x86.ActiveCfg = Release|Any CPU
		{FB24A9D3-A6A3-46FB-877E-2487B9E6A332}.Release|x86.Build.0 = Release|Any CPU
		{047A0998-2A5B-48AD-A2D8-154463657073}.Debug|Any CPU.ActiveCfg = Debug|Any CPU
		{047A0998-2A5B-48AD-A2D8-154463657073}.Debug|Any CPU.Build.0 = Debug|Any CPU
		{047A0998-2A5B-48AD-A2D8-154463657073}.Debug|x64.ActiveCfg = Debug|Any CPU
		{047A0998-2A5B-48AD-A2D8-154463657073}.Debug|x64.Build.0 = Debug|Any CPU
		{047A0998-2A5B-48AD-A2D8-154463657073}.Debug|x86.ActiveCfg = Debug|Any CPU
		{047A0998-2A5B-48AD-A2D8-154463657073}.Debug|x86.Build.0 = Debug|Any CPU
		{047A0998-2A5B-48AD-A2D8-154463657073}.Release|Any CPU.ActiveCfg = Release|Any CPU
		{047A0998-2A5B-48AD-A2D8-154463657073}.Release|Any CPU.Build.0 = Release|Any CPU
		{047A0998-2A5B-48AD-A2D8-154463657073}.Release|x64.ActiveCfg = Release|Any CPU
		{047A0998-2A5B-48AD-A2D8-154463657073}.Release|x64.Build.0 = Release|Any CPU
		{047A0998-2A5B-48AD-A2D8-154463657073}.Release|x86.ActiveCfg = Release|Any CPU
		{047A0998-2A5B-48AD-A2D8-154463657073}.Release|x86.Build.0 = Release|Any CPU
		{186A00ED-7BBD-47A1-B9AD-B0E3422693E5}.Debug|Any CPU.ActiveCfg = Debug|Any CPU
		{186A00ED-7BBD-47A1-B9AD-B0E3422693E5}.Debug|Any CPU.Build.0 = Debug|Any CPU
		{186A00ED-7BBD-47A1-B9AD-B0E3422693E5}.Debug|x64.ActiveCfg = Debug|Any CPU
		{186A00ED-7BBD-47A1-B9AD-B0E3422693E5}.Debug|x64.Build.0 = Debug|Any CPU
		{186A00ED-7BBD-47A1-B9AD-B0E3422693E5}.Debug|x86.ActiveCfg = Debug|Any CPU
		{186A00ED-7BBD-47A1-B9AD-B0E3422693E5}.Debug|x86.Build.0 = Debug|Any CPU
		{186A00ED-7BBD-47A1-B9AD-B0E3422693E5}.Release|Any CPU.ActiveCfg = Release|Any CPU
		{186A00ED-7BBD-47A1-B9AD-B0E3422693E5}.Release|Any CPU.Build.0 = Release|Any CPU
		{186A00ED-7BBD-47A1-B9AD-B0E3422693E5}.Release|x64.ActiveCfg = Release|Any CPU
		{186A00ED-7BBD-47A1-B9AD-B0E3422693E5}.Release|x64.Build.0 = Release|Any CPU
		{186A00ED-7BBD-47A1-B9AD-B0E3422693E5}.Release|x86.ActiveCfg = Release|Any CPU
		{186A00ED-7BBD-47A1-B9AD-B0E3422693E5}.Release|x86.Build.0 = Release|Any CPU
		{8883EF2D-3BDE-4845-996A-03A5534F2DAA}.Debug|Any CPU.ActiveCfg = Debug|Any CPU
		{8883EF2D-3BDE-4845-996A-03A5534F2DAA}.Debug|Any CPU.Build.0 = Debug|Any CPU
		{8883EF2D-3BDE-4845-996A-03A5534F2DAA}.Debug|x64.ActiveCfg = Debug|Any CPU
		{8883EF2D-3BDE-4845-996A-03A5534F2DAA}.Debug|x64.Build.0 = Debug|Any CPU
		{8883EF2D-3BDE-4845-996A-03A5534F2DAA}.Debug|x86.ActiveCfg = Debug|Any CPU
		{8883EF2D-3BDE-4845-996A-03A5534F2DAA}.Debug|x86.Build.0 = Debug|Any CPU
		{8883EF2D-3BDE-4845-996A-03A5534F2DAA}.Release|Any CPU.ActiveCfg = Release|Any CPU
		{8883EF2D-3BDE-4845-996A-03A5534F2DAA}.Release|Any CPU.Build.0 = Release|Any CPU
		{8883EF2D-3BDE-4845-996A-03A5534F2DAA}.Release|x64.ActiveCfg = Release|Any CPU
		{8883EF2D-3BDE-4845-996A-03A5534F2DAA}.Release|x64.Build.0 = Release|Any CPU
		{8883EF2D-3BDE-4845-996A-03A5534F2DAA}.Release|x86.ActiveCfg = Release|Any CPU
		{8883EF2D-3BDE-4845-996A-03A5534F2DAA}.Release|x86.Build.0 = Release|Any CPU
		{A7647720-2531-4A42-BDBE-FC011D5C5B01}.Debug|Any CPU.ActiveCfg = Debug|Any CPU
		{A7647720-2531-4A42-BDBE-FC011D5C5B01}.Debug|Any CPU.Build.0 = Debug|Any CPU
		{A7647720-2531-4A42-BDBE-FC011D5C5B01}.Debug|x64.ActiveCfg = Debug|Any CPU
		{A7647720-2531-4A42-BDBE-FC011D5C5B01}.Debug|x64.Build.0 = Debug|Any CPU
		{A7647720-2531-4A42-BDBE-FC011D5C5B01}.Debug|x86.ActiveCfg = Debug|Any CPU
		{A7647720-2531-4A42-BDBE-FC011D5C5B01}.Debug|x86.Build.0 = Debug|Any CPU
		{A7647720-2531-4A42-BDBE-FC011D5C5B01}.Release|Any CPU.ActiveCfg = Release|Any CPU
		{A7647720-2531-4A42-BDBE-FC011D5C5B01}.Release|Any CPU.Build.0 = Release|Any CPU
		{A7647720-2531-4A42-BDBE-FC011D5C5B01}.Release|x64.ActiveCfg = Release|Any CPU
		{A7647720-2531-4A42-BDBE-FC011D5C5B01}.Release|x64.Build.0 = Release|Any CPU
		{A7647720-2531-4A42-BDBE-FC011D5C5B01}.Release|x86.ActiveCfg = Release|Any CPU
		{A7647720-2531-4A42-BDBE-FC011D5C5B01}.Release|x86.Build.0 = Release|Any CPU
	EndGlobalSection
	GlobalSection(SolutionProperties) = preSolution
		HideSolutionNode = FALSE
	EndGlobalSection
	GlobalSection(NestedProjects) = preSolution
		{FB24A9D3-A6A3-46FB-877E-2487B9E6A332} = {827E0CD3-B72D-47B6-A68D-7590B98EB39B}
		{047A0998-2A5B-48AD-A2D8-154463657073} = {827E0CD3-B72D-47B6-A68D-7590B98EB39B}
		{186A00ED-7BBD-47A1-B9AD-B0E3422693E5} = {827E0CD3-B72D-47B6-A68D-7590B98EB39B}
		{8883EF2D-3BDE-4845-996A-03A5534F2DAA} = {0AB3BF05-4346-4AA6-1389-037BE0695223}
		{A7647720-2531-4A42-BDBE-FC011D5C5B01} = {0AB3BF05-4346-4AA6-1389-037BE0695223}
	EndGlobalSection
EndGlobal
